// !$*UTF8*$!
{
	archiveVersion = 1;
	classes = {
	};
	objectVersion = 46;
	objects = {

/* Begin PBXBuildFile section */
		05065B0F1E0899BC00585A28 /* main.jsbundle in Resources */ = {isa = PBXBuildFile; fileRef = 05065B0E1E0899BC00585A28 /* main.jsbundle */; };
		05B9FB1E1E03778D00712BD5 /* SmartSyncExplorerReactNativeTests.m in Sources */ = {isa = PBXBuildFile; fileRef = 05B9FB1D1E03778D00712BD5 /* SmartSyncExplorerReactNativeTests.m */; };
		13B07FBC1A68108700A75B9A /* AppDelegate.m in Sources */ = {isa = PBXBuildFile; fileRef = 13B07FB01A68108700A75B9A /* AppDelegate.m */; };
		13B07FC11A68108700A75B9A /* main.m in Sources */ = {isa = PBXBuildFile; fileRef = 13B07FB71A68108700A75B9A /* main.m */; };
		4F3AFF401DC2C79E006FF6B0 /* InitialViewController.m in Sources */ = {isa = PBXBuildFile; fileRef = 4F3AFF3E1DC2C79E006FF6B0 /* InitialViewController.m */; };
		4F3AFF451DC2C8C8006FF6B0 /* Images.xcassets in Resources */ = {isa = PBXBuildFile; fileRef = 4F3AFF441DC2C8C8006FF6B0 /* Images.xcassets */; };
		6F00A4EBBB37F8CE9D7F4535 /* libPods-SmartSyncExplorerReactNative.a in Frameworks */ = {isa = PBXBuildFile; fileRef = 78A9CFAC4F2F0A1FDF2E7669 /* libPods-SmartSyncExplorerReactNative.a */; };
		C01B85EA26DFCFE3720B8C0D /* libPods-SmartSyncExplorerReactNativeTests.a in Frameworks */ = {isa = PBXBuildFile; fileRef = 6C5839A0A19B26684DA1DFC9 /* libPods-SmartSyncExplorerReactNativeTests.a */; };
		CE46D5441E9C942C006E6537 /* XCTest.framework in Frameworks */ = {isa = PBXBuildFile; fileRef = CE46D5431E9C942C006E6537 /* XCTest.framework */; };
/* End PBXBuildFile section */

/* Begin PBXContainerItemProxy section */
		05A7D07D1E08A57500E68CB0 /* PBXContainerItemProxy */ = {
			isa = PBXContainerItemProxy;
			containerPortal = 83CBB9F71A601CBA00E9B192 /* Project object */;
			proxyType = 1;
			remoteGlobalIDString = 13B07F861A680F5B00A75B9A;
			remoteInfo = SmartSyncExplorerReactNative;
		};
/* End PBXContainerItemProxy section */

/* Begin PBXFileReference section */
		05065B0E1E0899BC00585A28 /* main.jsbundle */ = {isa = PBXFileReference; fileEncoding = 4; lastKnownFileType = text; name = main.jsbundle; path = ../../IntegrationTests/main.jsbundle; sourceTree = "<group>"; };
		05B9FB1B1E03778D00712BD5 /* SmartSyncExplorerReactNativeTests.xctest */ = {isa = PBXFileReference; explicitFileType = wrapper.cfbundle; includeInIndex = 0; path = SmartSyncExplorerReactNativeTests.xctest; sourceTree = BUILT_PRODUCTS_DIR; };
		05B9FB1D1E03778D00712BD5 /* SmartSyncExplorerReactNativeTests.m */ = {isa = PBXFileReference; lastKnownFileType = sourcecode.c.objc; path = SmartSyncExplorerReactNativeTests.m; sourceTree = "<group>"; };
		05B9FB1F1E03778D00712BD5 /* Info.plist */ = {isa = PBXFileReference; lastKnownFileType = text.plist.xml; path = Info.plist; sourceTree = "<group>"; };
		0D8CDE8158AC70656CC3EE20 /* Pods-SmartSyncExplorerReactNative.debug.xcconfig */ = {isa = PBXFileReference; includeInIndex = 1; lastKnownFileType = text.xcconfig; name = "Pods-SmartSyncExplorerReactNative.debug.xcconfig"; path = "Pods/Target Support Files/Pods-SmartSyncExplorerReactNative/Pods-SmartSyncExplorerReactNative.debug.xcconfig"; sourceTree = "<group>"; };
		13B07F961A680F5B00A75B9A /* SmartSyncExplorerReactNative.app */ = {isa = PBXFileReference; explicitFileType = wrapper.application; includeInIndex = 0; path = SmartSyncExplorerReactNative.app; sourceTree = BUILT_PRODUCTS_DIR; };
		13B07FAF1A68108700A75B9A /* AppDelegate.h */ = {isa = PBXFileReference; fileEncoding = 4; lastKnownFileType = sourcecode.c.h; name = AppDelegate.h; path = SmartSyncExplorerReactNative/AppDelegate.h; sourceTree = "<group>"; };
		13B07FB01A68108700A75B9A /* AppDelegate.m */ = {isa = PBXFileReference; fileEncoding = 4; lastKnownFileType = sourcecode.c.objc; name = AppDelegate.m; path = SmartSyncExplorerReactNative/AppDelegate.m; sourceTree = "<group>"; };
		13B07FB61A68108700A75B9A /* Info.plist */ = {isa = PBXFileReference; fileEncoding = 4; lastKnownFileType = text.plist.xml; name = Info.plist; path = SmartSyncExplorerReactNative/Info.plist; sourceTree = "<group>"; };
		13B07FB71A68108700A75B9A /* main.m */ = {isa = PBXFileReference; fileEncoding = 4; lastKnownFileType = sourcecode.c.objc; name = main.m; path = SmartSyncExplorerReactNative/main.m; sourceTree = "<group>"; };
		4F3AFF3D1DC2C79E006FF6B0 /* InitialViewController.h */ = {isa = PBXFileReference; fileEncoding = 4; lastKnownFileType = sourcecode.c.h; name = InitialViewController.h; path = SmartSyncExplorerReactNative/InitialViewController.h; sourceTree = "<group>"; };
		4F3AFF3E1DC2C79E006FF6B0 /* InitialViewController.m */ = {isa = PBXFileReference; fileEncoding = 4; lastKnownFileType = sourcecode.c.objc; name = InitialViewController.m; path = SmartSyncExplorerReactNative/InitialViewController.m; sourceTree = "<group>"; };
		4F3AFF441DC2C8C8006FF6B0 /* Images.xcassets */ = {isa = PBXFileReference; lastKnownFileType = folder.assetcatalog; name = Images.xcassets; path = "../mobile_sdk/SalesforceMobileSDK-iOS/shared/resources/Images.xcassets"; sourceTree = "<group>"; };
		4FF12F8E1DCA93E2004D9EF9 /* SmartSyncExplorerReactNative.entitlements */ = {isa = PBXFileReference; lastKnownFileType = text.plist.entitlements; name = SmartSyncExplorerReactNative.entitlements; path = SmartSyncExplorerReactNative/SmartSyncExplorerReactNative.entitlements; sourceTree = "<group>"; };
		6C5839A0A19B26684DA1DFC9 /* libPods-SmartSyncExplorerReactNativeTests.a */ = {isa = PBXFileReference; explicitFileType = archive.ar; includeInIndex = 0; path = "libPods-SmartSyncExplorerReactNativeTests.a"; sourceTree = BUILT_PRODUCTS_DIR; };
		78A9CFAC4F2F0A1FDF2E7669 /* libPods-SmartSyncExplorerReactNative.a */ = {isa = PBXFileReference; explicitFileType = archive.ar; includeInIndex = 0; path = "libPods-SmartSyncExplorerReactNative.a"; sourceTree = BUILT_PRODUCTS_DIR; };
		9179A4D5F573F882F3F164B9 /* Pods-SmartSyncExplorerReactNativeTests.release.xcconfig */ = {isa = PBXFileReference; includeInIndex = 1; lastKnownFileType = text.xcconfig; name = "Pods-SmartSyncExplorerReactNativeTests.release.xcconfig"; path = "Pods/Target Support Files/Pods-SmartSyncExplorerReactNativeTests/Pods-SmartSyncExplorerReactNativeTests.release.xcconfig"; sourceTree = "<group>"; };
		AE79D28E6E57F5B77FA24716 /* Pods-SmartSyncExplorerReactNative.release.xcconfig */ = {isa = PBXFileReference; includeInIndex = 1; lastKnownFileType = text.xcconfig; name = "Pods-SmartSyncExplorerReactNative.release.xcconfig"; path = "Pods/Target Support Files/Pods-SmartSyncExplorerReactNative/Pods-SmartSyncExplorerReactNative.release.xcconfig"; sourceTree = "<group>"; };
		CE46D5431E9C942C006E6537 /* XCTest.framework */ = {isa = PBXFileReference; lastKnownFileType = wrapper.framework; name = XCTest.framework; path = Platforms/iPhoneOS.platform/Developer/Library/Frameworks/XCTest.framework; sourceTree = DEVELOPER_DIR; };
		FF7D7DA5C2A5D7471D866BA3 /* Pods-SmartSyncExplorerReactNativeTests.debug.xcconfig */ = {isa = PBXFileReference; includeInIndex = 1; lastKnownFileType = text.xcconfig; name = "Pods-SmartSyncExplorerReactNativeTests.debug.xcconfig"; path = "Pods/Target Support Files/Pods-SmartSyncExplorerReactNativeTests/Pods-SmartSyncExplorerReactNativeTests.debug.xcconfig"; sourceTree = "<group>"; };
/* End PBXFileReference section */

/* Begin PBXFrameworksBuildPhase section */
		05B9FB181E03778D00712BD5 /* Frameworks */ = {
			isa = PBXFrameworksBuildPhase;
			buildActionMask = 2147483647;
			files = (
				CE46D5441E9C942C006E6537 /* XCTest.framework in Frameworks */,
				C01B85EA26DFCFE3720B8C0D /* libPods-SmartSyncExplorerReactNativeTests.a in Frameworks */,
			);
			runOnlyForDeploymentPostprocessing = 0;
		};
		13B07F8C1A680F5B00A75B9A /* Frameworks */ = {
			isa = PBXFrameworksBuildPhase;
			buildActionMask = 2147483647;
			files = (
				6F00A4EBBB37F8CE9D7F4535 /* libPods-SmartSyncExplorerReactNative.a in Frameworks */,
			);
			runOnlyForDeploymentPostprocessing = 0;
		};
/* End PBXFrameworksBuildPhase section */

/* Begin PBXGroup section */
		05B9FB1C1E03778D00712BD5 /* SmartSyncExplorerReactNativeTests */ = {
			isa = PBXGroup;
			children = (
				05065B0E1E0899BC00585A28 /* main.jsbundle */,
				05B9FB1D1E03778D00712BD5 /* SmartSyncExplorerReactNativeTests.m */,
				05B9FB1F1E03778D00712BD5 /* Info.plist */,
			);
			path = SmartSyncExplorerReactNativeTests;
			sourceTree = "<group>";
		};
		13B07FAE1A68108700A75B9A /* SmartSyncExplorerReactNative */ = {
			isa = PBXGroup;
			children = (
				4FF12F8E1DCA93E2004D9EF9 /* SmartSyncExplorerReactNative.entitlements */,
				4F3AFF421DC2C856006FF6B0 /* Classes */,
				4F3AFF431DC2C869006FF6B0 /* Supporting Files */,
			);
			name = SmartSyncExplorerReactNative;
			sourceTree = "<group>";
		};
		4F3AFF421DC2C856006FF6B0 /* Classes */ = {
			isa = PBXGroup;
			children = (
				4F3AFF3D1DC2C79E006FF6B0 /* InitialViewController.h */,
				4F3AFF3E1DC2C79E006FF6B0 /* InitialViewController.m */,
				13B07FAF1A68108700A75B9A /* AppDelegate.h */,
				13B07FB01A68108700A75B9A /* AppDelegate.m */,
			);
			name = Classes;
			sourceTree = "<group>";
		};
		4F3AFF431DC2C869006FF6B0 /* Supporting Files */ = {
			isa = PBXGroup;
			children = (
				4F3AFF441DC2C8C8006FF6B0 /* Images.xcassets */,
				13B07FB71A68108700A75B9A /* main.m */,
				13B07FB61A68108700A75B9A /* Info.plist */,
			);
			name = "Supporting Files";
			sourceTree = "<group>";
		};
		6473DB45A273CC31E19C4F9A /* Pods */ = {
			isa = PBXGroup;
			children = (
				0D8CDE8158AC70656CC3EE20 /* Pods-SmartSyncExplorerReactNative.debug.xcconfig */,
				AE79D28E6E57F5B77FA24716 /* Pods-SmartSyncExplorerReactNative.release.xcconfig */,
				FF7D7DA5C2A5D7471D866BA3 /* Pods-SmartSyncExplorerReactNativeTests.debug.xcconfig */,
				9179A4D5F573F882F3F164B9 /* Pods-SmartSyncExplorerReactNativeTests.release.xcconfig */,
			);
			name = Pods;
			sourceTree = "<group>";
		};
		83CBB9F61A601CBA00E9B192 = {
			isa = PBXGroup;
			children = (
				13B07FAE1A68108700A75B9A /* SmartSyncExplorerReactNative */,
				05B9FB1C1E03778D00712BD5 /* SmartSyncExplorerReactNativeTests */,
				83CBBA001A601CBA00E9B192 /* Products */,
				6473DB45A273CC31E19C4F9A /* Pods */,
				C73512AABD4BDBC0734E686B /* Frameworks */,
			);
			indentWidth = 2;
			sourceTree = "<group>";
			tabWidth = 2;
		};
		83CBBA001A601CBA00E9B192 /* Products */ = {
			isa = PBXGroup;
			children = (
				13B07F961A680F5B00A75B9A /* SmartSyncExplorerReactNative.app */,
				05B9FB1B1E03778D00712BD5 /* SmartSyncExplorerReactNativeTests.xctest */,
			);
			name = Products;
			sourceTree = "<group>";
		};
		C73512AABD4BDBC0734E686B /* Frameworks */ = {
			isa = PBXGroup;
			children = (
				CE46D5431E9C942C006E6537 /* XCTest.framework */,
				78A9CFAC4F2F0A1FDF2E7669 /* libPods-SmartSyncExplorerReactNative.a */,
				6C5839A0A19B26684DA1DFC9 /* libPods-SmartSyncExplorerReactNativeTests.a */,
			);
			name = Frameworks;
			sourceTree = "<group>";
		};
/* End PBXGroup section */

/* Begin PBXNativeTarget section */
		05B9FB1A1E03778D00712BD5 /* SmartSyncExplorerReactNativeTests */ = {
			isa = PBXNativeTarget;
			buildConfigurationList = 05B9FB241E03778D00712BD5 /* Build configuration list for PBXNativeTarget "SmartSyncExplorerReactNativeTests" */;
			buildPhases = (
				7644D8152F3AE9D9F8CB1E73 /* [CP] Check Pods Manifest.lock */,
				05B9FB171E03778D00712BD5 /* Sources */,
				05B9FB181E03778D00712BD5 /* Frameworks */,
				05B9FB191E03778D00712BD5 /* Resources */,
				848F61A0A8D124B7CDEEFE2C /* [CP] Embed Pods Frameworks */,
				36E4253C46359CE668971F11 /* [CP] Copy Pods Resources */,
			);
			buildRules = (
			);
			dependencies = (
				05A7D07E1E08A57500E68CB0 /* PBXTargetDependency */,
			);
			name = SmartSyncExplorerReactNativeTests;
			productName = SmartSyncExplorerReactNativeTests;
			productReference = 05B9FB1B1E03778D00712BD5 /* SmartSyncExplorerReactNativeTests.xctest */;
			productType = "com.apple.product-type.bundle.unit-test";
		};
		13B07F861A680F5B00A75B9A /* SmartSyncExplorerReactNative */ = {
			isa = PBXNativeTarget;
			buildConfigurationList = 13B07F931A680F5B00A75B9A /* Build configuration list for PBXNativeTarget "SmartSyncExplorerReactNative" */;
			buildPhases = (
				0D1647048E9655B7745B0762 /* [CP] Check Pods Manifest.lock */,
				05A2224E1E04FB82004B8255 /* ShellScript */,
				13B07F871A680F5B00A75B9A /* Sources */,
				13B07F8C1A680F5B00A75B9A /* Frameworks */,
				13B07F8E1A680F5B00A75B9A /* Resources */,
				00DD1BFF1BD5951E006B06BC /* Bundle React Native code and images */,
				F91EAB9E5BEED0D528204139 /* [CP] Embed Pods Frameworks */,
				212520A1C8337472A792B88C /* [CP] Copy Pods Resources */,
			);
			buildRules = (
			);
			dependencies = (
			);
			name = SmartSyncExplorerReactNative;
			productName = "Hello World";
			productReference = 13B07F961A680F5B00A75B9A /* SmartSyncExplorerReactNative.app */;
			productType = "com.apple.product-type.application";
		};
/* End PBXNativeTarget section */

/* Begin PBXProject section */
		83CBB9F71A601CBA00E9B192 /* Project object */ = {
			isa = PBXProject;
			attributes = {
				LastUpgradeCheck = 0810;
				ORGANIZATIONNAME = SalesforceSamples;
				TargetAttributes = {
					05B9FB1A1E03778D00712BD5 = {
						CreatedOnToolsVersion = 8.1;
						ProvisioningStyle = Automatic;
						TestTargetID = 13B07F861A680F5B00A75B9A;
					};
					13B07F861A680F5B00A75B9A = {
						SystemCapabilities = {
							com.apple.Keychain = {
								enabled = 1;
							};
						};
					};
				};
			};
			buildConfigurationList = 83CBB9FA1A601CBA00E9B192 /* Build configuration list for PBXProject "SmartSyncExplorerReactNative" */;
			compatibilityVersion = "Xcode 3.2";
			developmentRegion = English;
			hasScannedForEncodings = 0;
			knownRegions = (
				en,
				Base,
			);
			mainGroup = 83CBB9F61A601CBA00E9B192;
			productRefGroup = 83CBBA001A601CBA00E9B192 /* Products */;
			projectDirPath = "";
			projectRoot = "";
			targets = (
				13B07F861A680F5B00A75B9A /* SmartSyncExplorerReactNative */,
				05B9FB1A1E03778D00712BD5 /* SmartSyncExplorerReactNativeTests */,
			);
		};
/* End PBXProject section */

/* Begin PBXResourcesBuildPhase section */
		05B9FB191E03778D00712BD5 /* Resources */ = {
			isa = PBXResourcesBuildPhase;
			buildActionMask = 2147483647;
			files = (
			);
			runOnlyForDeploymentPostprocessing = 0;
		};
		13B07F8E1A680F5B00A75B9A /* Resources */ = {
			isa = PBXResourcesBuildPhase;
			buildActionMask = 2147483647;
			files = (
				4F3AFF451DC2C8C8006FF6B0 /* Images.xcassets in Resources */,
				05065B0F1E0899BC00585A28 /* main.jsbundle in Resources */,
			);
			runOnlyForDeploymentPostprocessing = 0;
		};
/* End PBXResourcesBuildPhase section */

/* Begin PBXShellScriptBuildPhase section */
		00DD1BFF1BD5951E006B06BC /* Bundle React Native code and images */ = {
			isa = PBXShellScriptBuildPhase;
			buildActionMask = 2147483647;
			files = (
			);
			inputPaths = (
			);
			name = "Bundle React Native code and images";
			outputPaths = (
			);
			runOnlyForDeploymentPostprocessing = 0;
			shellPath = /bin/sh;
			shellScript = "export NODE_BINARY=node\n../node_modules/react-native/packager/react-native-xcode.sh";
		};
		05A2224E1E04FB82004B8255 /* ShellScript */ = {
			isa = PBXShellScriptBuildPhase;
			buildActionMask = 2147483647;
			files = (
			);
			inputPaths = (
			);
			outputPaths = (
			);
			runOnlyForDeploymentPostprocessing = 0;
			shellPath = /bin/sh;
			shellScript = "if nc -w 5 -z localhost 8081 ; then\nif  curl -s \"http://localhost:8081/status\" | grep \"packager-status:running\" ; then\ncurl \"http://localhost:8081/IntegrationTests/testapp.ios.bundle?dev=false\" -o \"../IntegrationTests/main.jsbundle\"\nfi\nfi";
			showEnvVarsInLog = 0;
		};
		0D1647048E9655B7745B0762 /* [CP] Check Pods Manifest.lock */ = {
			isa = PBXShellScriptBuildPhase;
			buildActionMask = 2147483647;
			files = (
			);
			inputPaths = (
			);
			name = "[CP] Check Pods Manifest.lock";
			outputPaths = (
			);
			runOnlyForDeploymentPostprocessing = 0;
			shellPath = /bin/sh;
			shellScript = "diff \"${PODS_ROOT}/../Podfile.lock\" \"${PODS_ROOT}/Manifest.lock\" > /dev/null\nif [ $? != 0 ] ; then\n    # print error to STDERR\n    echo \"error: The sandbox is not in sync with the Podfile.lock. Run 'pod install' or update your CocoaPods installation.\" >&2\n    exit 1\nfi\n";
			showEnvVarsInLog = 0;
		};
		212520A1C8337472A792B88C /* [CP] Copy Pods Resources */ = {
			isa = PBXShellScriptBuildPhase;
			buildActionMask = 2147483647;
			files = (
			);
			inputPaths = (
			);
			name = "[CP] Copy Pods Resources";
			outputPaths = (
			);
			runOnlyForDeploymentPostprocessing = 0;
			shellPath = /bin/sh;
			shellScript = "\"${SRCROOT}/Pods/Target Support Files/Pods-SmartSyncExplorerReactNative/Pods-SmartSyncExplorerReactNative-resources.sh\"\n";
			showEnvVarsInLog = 0;
		};
		36E4253C46359CE668971F11 /* [CP] Copy Pods Resources */ = {
			isa = PBXShellScriptBuildPhase;
			buildActionMask = 2147483647;
			files = (
			);
			inputPaths = (
			);
			name = "[CP] Copy Pods Resources";
			outputPaths = (
			);
			runOnlyForDeploymentPostprocessing = 0;
			shellPath = /bin/sh;
			shellScript = "\"${SRCROOT}/Pods/Target Support Files/Pods-SmartSyncExplorerReactNativeTests/Pods-SmartSyncExplorerReactNativeTests-resources.sh\"\n";
			showEnvVarsInLog = 0;
		};
		7644D8152F3AE9D9F8CB1E73 /* [CP] Check Pods Manifest.lock */ = {
			isa = PBXShellScriptBuildPhase;
			buildActionMask = 2147483647;
			files = (
			);
			inputPaths = (
			);
			name = "[CP] Check Pods Manifest.lock";
			outputPaths = (
			);
			runOnlyForDeploymentPostprocessing = 0;
			shellPath = /bin/sh;
			shellScript = "diff \"${PODS_ROOT}/../Podfile.lock\" \"${PODS_ROOT}/Manifest.lock\" > /dev/null\nif [ $? != 0 ] ; then\n    # print error to STDERR\n    echo \"error: The sandbox is not in sync with the Podfile.lock. Run 'pod install' or update your CocoaPods installation.\" >&2\n    exit 1\nfi\n";
			showEnvVarsInLog = 0;
		};
		848F61A0A8D124B7CDEEFE2C /* [CP] Embed Pods Frameworks */ = {
			isa = PBXShellScriptBuildPhase;
			buildActionMask = 2147483647;
			files = (
			);
			inputPaths = (
			);
			name = "[CP] Embed Pods Frameworks";
			outputPaths = (
			);
			runOnlyForDeploymentPostprocessing = 0;
			shellPath = /bin/sh;
			shellScript = "\"${SRCROOT}/Pods/Target Support Files/Pods-SmartSyncExplorerReactNativeTests/Pods-SmartSyncExplorerReactNativeTests-frameworks.sh\"\n";
			showEnvVarsInLog = 0;
		};
		F91EAB9E5BEED0D528204139 /* [CP] Embed Pods Frameworks */ = {
			isa = PBXShellScriptBuildPhase;
			buildActionMask = 2147483647;
			files = (
			);
			inputPaths = (
			);
			name = "[CP] Embed Pods Frameworks";
			outputPaths = (
			);
			runOnlyForDeploymentPostprocessing = 0;
			shellPath = /bin/sh;
			shellScript = "\"${SRCROOT}/Pods/Target Support Files/Pods-SmartSyncExplorerReactNative/Pods-SmartSyncExplorerReactNative-frameworks.sh\"\n";
			showEnvVarsInLog = 0;
		};
/* End PBXShellScriptBuildPhase section */

/* Begin PBXSourcesBuildPhase section */
		05B9FB171E03778D00712BD5 /* Sources */ = {
			isa = PBXSourcesBuildPhase;
			buildActionMask = 2147483647;
			files = (
				05B9FB1E1E03778D00712BD5 /* SmartSyncExplorerReactNativeTests.m in Sources */,
			);
			runOnlyForDeploymentPostprocessing = 0;
		};
		13B07F871A680F5B00A75B9A /* Sources */ = {
			isa = PBXSourcesBuildPhase;
			buildActionMask = 2147483647;
			files = (
				4F3AFF401DC2C79E006FF6B0 /* InitialViewController.m in Sources */,
				13B07FBC1A68108700A75B9A /* AppDelegate.m in Sources */,
				13B07FC11A68108700A75B9A /* main.m in Sources */,
			);
			runOnlyForDeploymentPostprocessing = 0;
		};
/* End PBXSourcesBuildPhase section */

/* Begin PBXTargetDependency section */
		05A7D07E1E08A57500E68CB0 /* PBXTargetDependency */ = {
			isa = PBXTargetDependency;
			target = 13B07F861A680F5B00A75B9A /* SmartSyncExplorerReactNative */;
			targetProxy = 05A7D07D1E08A57500E68CB0 /* PBXContainerItemProxy */;
		};
/* End PBXTargetDependency section */

/* Begin XCBuildConfiguration section */
		05B9FB221E03778D00712BD5 /* Debug */ = {
			isa = XCBuildConfiguration;
			baseConfigurationReference = FF7D7DA5C2A5D7471D866BA3 /* Pods-SmartSyncExplorerReactNativeTests.debug.xcconfig */;
			buildSettings = {
				BUNDLE_LOADER = "$(TEST_HOST)";
				CLANG_ANALYZER_NONNULL = YES;
				CLANG_WARN_DOCUMENTATION_COMMENTS = YES;
				CLANG_WARN_SUSPICIOUS_MOVES = YES;
				DEBUG_INFORMATION_FORMAT = dwarf;
				INFOPLIST_FILE = SmartSyncExplorerReactNativeTests/Info.plist;
				IPHONEOS_DEPLOYMENT_TARGET = 9.0;
				LD_RUNPATH_SEARCH_PATHS = "$(inherited) @executable_path/Frameworks @loader_path/Frameworks";
				PRODUCT_BUNDLE_IDENTIFIER = com.salesforce.mobilesdk.SmartSyncExplorerReactNativeTests;
				PRODUCT_NAME = "$(TARGET_NAME)";
				TEST_HOST = "$(BUILT_PRODUCTS_DIR)/SmartSyncExplorerReactNative.app/SmartSyncExplorerReactNative";
			};
			name = Debug;
		};
		05B9FB231E03778D00712BD5 /* Release */ = {
			isa = XCBuildConfiguration;
			baseConfigurationReference = 9179A4D5F573F882F3F164B9 /* Pods-SmartSyncExplorerReactNativeTests.release.xcconfig */;
			buildSettings = {
				BUNDLE_LOADER = "$(TEST_HOST)";
				CLANG_ANALYZER_NONNULL = YES;
				CLANG_WARN_DOCUMENTATION_COMMENTS = YES;
				CLANG_WARN_SUSPICIOUS_MOVES = YES;
				COPY_PHASE_STRIP = NO;
				DEBUG_INFORMATION_FORMAT = "dwarf-with-dsym";
				INFOPLIST_FILE = SmartSyncExplorerReactNativeTests/Info.plist;
				IPHONEOS_DEPLOYMENT_TARGET = 9.0;
				LD_RUNPATH_SEARCH_PATHS = "$(inherited) @executable_path/Frameworks @loader_path/Frameworks";
				PRODUCT_BUNDLE_IDENTIFIER = com.salesforce.mobilesdk.SmartSyncExplorerReactNativeTests;
				PRODUCT_NAME = "$(TARGET_NAME)";
				TEST_HOST = "$(BUILT_PRODUCTS_DIR)/SmartSyncExplorerReactNative.app/SmartSyncExplorerReactNative";
			};
			name = Release;
		};
		13B07F941A680F5B00A75B9A /* Debug */ = {
			isa = XCBuildConfiguration;
			baseConfigurationReference = 0D8CDE8158AC70656CC3EE20 /* Pods-SmartSyncExplorerReactNative.debug.xcconfig */;
			buildSettings = {
				ASSETCATALOG_COMPILER_APPICON_NAME = AppIcon;
				ASSETCATALOG_COMPILER_LAUNCHIMAGE_NAME = LaunchImage;
				CODE_SIGN_ENTITLEMENTS = SmartSyncExplorerReactNative/SmartSyncExplorerReactNative.entitlements;
				CURRENT_PROJECT_VERSION = 1;
				DEAD_CODE_STRIPPING = NO;
				HEADER_SEARCH_PATHS = (
					"$(inherited)",
					/Applications/Xcode.app/Contents/Developer/Toolchains/XcodeDefault.xctoolchain/usr/include,
					"$(SRCROOT)/../node_modules/react-native/React/**",
				);
				INFOPLIST_FILE = SmartSyncExplorerReactNative/Info.plist;
				IPHONEOS_DEPLOYMENT_TARGET = 9.0;
				LD_RUNPATH_SEARCH_PATHS = "$(inherited) @executable_path/Frameworks";
				OTHER_LDFLAGS = (
					"$(inherited)",
					"-ObjC",
					"-lc++",
				);
				PRODUCT_BUNDLE_IDENTIFIER = "com.salesforce.samples.smartsyncexplorerreactnative.${PRODUCT_NAME:rfc1034identifier}";
				PRODUCT_NAME = SmartSyncExplorerReactNative;
				TARGETED_DEVICE_FAMILY = "1,2";
				VERSIONING_SYSTEM = "apple-generic";
			};
			name = Debug;
		};
		13B07F951A680F5B00A75B9A /* Release */ = {
			isa = XCBuildConfiguration;
			baseConfigurationReference = AE79D28E6E57F5B77FA24716 /* Pods-SmartSyncExplorerReactNative.release.xcconfig */;
			buildSettings = {
				ASSETCATALOG_COMPILER_APPICON_NAME = AppIcon;
				ASSETCATALOG_COMPILER_LAUNCHIMAGE_NAME = LaunchImage;
				CODE_SIGN_ENTITLEMENTS = SmartSyncExplorerReactNative/SmartSyncExplorerReactNative.entitlements;
				CURRENT_PROJECT_VERSION = 1;
				HEADER_SEARCH_PATHS = (
					"$(inherited)",
					/Applications/Xcode.app/Contents/Developer/Toolchains/XcodeDefault.xctoolchain/usr/include,
					"$(SRCROOT)/../node_modules/react-native/React/**",
				);
				INFOPLIST_FILE = SmartSyncExplorerReactNative/Info.plist;
				IPHONEOS_DEPLOYMENT_TARGET = 9.0;
				LD_RUNPATH_SEARCH_PATHS = "$(inherited) @executable_path/Frameworks";
				OTHER_LDFLAGS = (
					"$(inherited)",
					"-ObjC",
					"-lc++",
				);
				PRODUCT_BUNDLE_IDENTIFIER = "com.salesforce.samples.smartsyncexplorerreactnative.${PRODUCT_NAME:rfc1034identifier}";
				PRODUCT_NAME = SmartSyncExplorerReactNative;
				TARGETED_DEVICE_FAMILY = "1,2";
				VERSIONING_SYSTEM = "apple-generic";
			};
			name = Release;
		};
		83CBBA201A601CBA00E9B192 /* Debug */ = {
			isa = XCBuildConfiguration;
			buildSettings = {
				ALWAYS_SEARCH_USER_PATHS = NO;
				CLANG_CXX_LANGUAGE_STANDARD = "gnu++0x";
				CLANG_CXX_LIBRARY = "libc++";
				CLANG_ENABLE_MODULES = YES;
				CLANG_ENABLE_OBJC_ARC = YES;
				CLANG_WARN_BOOL_CONVERSION = YES;
				CLANG_WARN_CONSTANT_CONVERSION = YES;
				CLANG_WARN_DIRECT_OBJC_ISA_USAGE = YES_ERROR;
				CLANG_WARN_EMPTY_BODY = YES;
				CLANG_WARN_ENUM_CONVERSION = YES;
				CLANG_WARN_INFINITE_RECURSION = YES;
				CLANG_WARN_INT_CONVERSION = YES;
				CLANG_WARN_OBJC_ROOT_CLASS = YES_ERROR;
				CLANG_WARN_SUSPICIOUS_MOVE = YES;
				CLANG_WARN_UNREACHABLE_CODE = YES;
				CLANG_WARN__DUPLICATE_METHOD_MATCH = YES;
				"CODE_SIGN_IDENTITY[sdk=iphoneos*]" = "iPhone Developer";
				COPY_PHASE_STRIP = NO;
				ENABLE_STRICT_OBJC_MSGSEND = YES;
				ENABLE_TESTABILITY = YES;
				GCC_C_LANGUAGE_STANDARD = gnu99;
				GCC_DYNAMIC_NO_PIC = NO;
				GCC_NO_COMMON_BLOCKS = YES;
				GCC_OPTIMIZATION_LEVEL = 0;
				GCC_PREPROCESSOR_DEFINITIONS = (
					"DEBUG=1",
					"$(inherited)",
				);
				GCC_SYMBOLS_PRIVATE_EXTERN = NO;
				GCC_WARN_64_TO_32_BIT_CONVERSION = YES;
				GCC_WARN_ABOUT_RETURN_TYPE = YES_ERROR;
				GCC_WARN_UNDECLARED_SELECTOR = YES;
				GCC_WARN_UNINITIALIZED_AUTOS = YES_AGGRESSIVE;
				GCC_WARN_UNUSED_FUNCTION = YES;
				GCC_WARN_UNUSED_VARIABLE = YES;
				HEADER_SEARCH_PATHS = (
					"$(inherited)",
					/Applications/Xcode.app/Contents/Developer/Toolchains/XcodeDefault.xctoolchain/usr/include,
					"$(SRCROOT)/../node_modules/react-native/React/**",
				);
				IPHONEOS_DEPLOYMENT_TARGET = 9.0;
				MTL_ENABLE_DEBUG_INFO = YES;
				ONLY_ACTIVE_ARCH = YES;
				SDKROOT = iphoneos;
			};
			name = Debug;
		};
		83CBBA211A601CBA00E9B192 /* Release */ = {
			isa = XCBuildConfiguration;
			buildSettings = {
				ALWAYS_SEARCH_USER_PATHS = NO;
				CLANG_CXX_LANGUAGE_STANDARD = "gnu++0x";
				CLANG_CXX_LIBRARY = "libc++";
				CLANG_ENABLE_MODULES = YES;
				CLANG_ENABLE_OBJC_ARC = YES;
				CLANG_WARN_BOOL_CONVERSION = YES;
				CLANG_WARN_CONSTANT_CONVERSION = YES;
				CLANG_WARN_DIRECT_OBJC_ISA_USAGE = YES_ERROR;
				CLANG_WARN_EMPTY_BODY = YES;
				CLANG_WARN_ENUM_CONVERSION = YES;
				CLANG_WARN_INFINITE_RECURSION = YES;
				CLANG_WARN_INT_CONVERSION = YES;
				CLANG_WARN_OBJC_ROOT_CLASS = YES_ERROR;
				CLANG_WARN_SUSPICIOUS_MOVE = YES;
				CLANG_WARN_UNREACHABLE_CODE = YES;
				CLANG_WARN__DUPLICATE_METHOD_MATCH = YES;
				"CODE_SIGN_IDENTITY[sdk=iphoneos*]" = "iPhone Developer";
				COPY_PHASE_STRIP = YES;
				ENABLE_NS_ASSERTIONS = NO;
				ENABLE_STRICT_OBJC_MSGSEND = YES;
				GCC_C_LANGUAGE_STANDARD = gnu99;
				GCC_NO_COMMON_BLOCKS = YES;
				GCC_WARN_64_TO_32_BIT_CONVERSION = YES;
				GCC_WARN_ABOUT_RETURN_TYPE = YES_ERROR;
				GCC_WARN_UNDECLARED_SELECTOR = YES;
				GCC_WARN_UNINITIALIZED_AUTOS = YES_AGGRESSIVE;
				GCC_WARN_UNUSED_FUNCTION = YES;
				GCC_WARN_UNUSED_VARIABLE = YES;
				HEADER_SEARCH_PATHS = (
					"$(inherited)",
					/Applications/Xcode.app/Contents/Developer/Toolchains/XcodeDefault.xctoolchain/usr/include,
					"$(SRCROOT)/../node_modules/react-native/React/**",
				);
				IPHONEOS_DEPLOYMENT_TARGET = 9.0;
				MTL_ENABLE_DEBUG_INFO = NO;
				SDKROOT = iphoneos;
				VALIDATE_PRODUCT = YES;
			};
			name = Release;
		};
/* End XCBuildConfiguration section */

/* Begin XCConfigurationList section */
		05B9FB241E03778D00712BD5 /* Build configuration list for PBXNativeTarget "SmartSyncExplorerReactNativeTests" */ = {
			isa = XCConfigurationList;
			buildConfigurations = (
				05B9FB221E03778D00712BD5 /* Debug */,
				05B9FB231E03778D00712BD5 /* Release */,
			);
			defaultConfigurationIsVisible = 0;
			defaultConfigurationName = Debug;
		};
		13B07F931A680F5B00A75B9A /* Build configuration list for PBXNativeTarget "SmartSyncExplorerReactNative" */ = {
			isa = XCConfigurationList;
			buildConfigurations = (
				13B07F941A680F5B00A75B9A /* Debug */,
				13B07F951A680F5B00A75B9A /* Release */,
			);
			defaultConfigurationIsVisible = 0;
			defaultConfigurationName = Release;
		};
		83CBB9FA1A601CBA00E9B192 /* Build configuration list for PBXProject "SmartSyncExplorerReactNative" */ = {
			isa = XCConfigurationList;
			buildConfigurations = (
				83CBBA201A601CBA00E9B192 /* Debug */,
				83CBBA211A601CBA00E9B192 /* Release */,
			);
			defaultConfigurationIsVisible = 0;
			defaultConfigurationName = Release;
		};
/* End XCConfigurationList section */
	};
	rootObject = 83CBB9F71A601CBA00E9B192 /* Project object */;
}
